
Microsoft Visual Studio Solution File, Format Version 12.00
# Visual Studio Version 16
VisualStudioVersion = 16.0.30104.148
MinimumVisualStudioVersion = 10.0.40219.1
Project("{888888A0-9F3D-457C-B088-3A5042F75D52}") = "OOPractice", "OOPractice.pyproj", "{1BFE2F3B-2C7F-4AB3-A4F9-CE7B0811CECA}"
EndProject
Global
	GlobalSection(SolutionConfigurationPlatforms) = preSolution
		Debug|Any CPU = Debug|Any CPU
		Release|Any CPU = Release|Any CPU
	EndGlobalSection
	GlobalSection(ProjectConfigurationPlatforms) = postSolution
		{1BFE2F3B-2C7F-4AB3-A4F9-CE7B0811CECA}.Debug|Any CPU.ActiveCfg = Debug|Any CPU
		{1BFE2F3B-2C7F-4AB3-A4F9-CE7B0811CECA}.Release|Any CPU.ActiveCfg = Release|Any CPU
	EndGlobalSection
	GlobalSection(SolutionProperties) = preSolution
		HideSolutionNode = FALSE
	EndGlobalSection
	GlobalSection(ExtensibilityGlobals) = postSolution
		SolutionGuid = {28FD4EA3-820A-43B1-B990-7ADDFB800859}
	EndGlobalSection
EndGlobal
